
Microsoft Visual Studio Solution File, Format Version 11.00
# Visual Studio 2010
Project("{FAE04EC0-301F-11D3-BF4B-00C04F79EFBC}") = "Practice.Web", "Practice.Web\Practice.Web.csproj", "{2986579C-3C54-46CA-ABED-94535755A2B3}"
EndProject
Project("{FAE04EC0-301F-11D3-BF4B-00C04F79EFBC}") = "Practice", "Practice\Practice.csproj", "{00551246-7998-4DF7-B7D8-1FFB4C397995}"
EndProject
Project("{2150E333-8FDC-42A3-9474-1A3956D46DE8}") = "Third-Party Libs", "Third-Party Libs", "{3005D47A-40B4-429B-8084-D4E316A2DDEA}"
	ProjectSection(SolutionItems) = preProject
		Libraries\nunit.framework.dll = Libraries\nunit.framework.dll
	EndProjectSection
EndProject
Global
	GlobalSection(SolutionConfigurationPlatforms) = preSolution
		Debug|Any CPU = Debug|Any CPU
		Release|Any CPU = Release|Any CPU
	EndGlobalSection
	GlobalSection(ProjectConfigurationPlatforms) = postSolution
		{2986579C-3C54-46CA-ABED-94535755A2B3}.Debug|Any CPU.ActiveCfg = Debug|Any CPU
		{2986579C-3C54-46CA-ABED-94535755A2B3}.Debug|Any CPU.Build.0 = Debug|Any CPU
		{2986579C-3C54-46CA-ABED-94535755A2B3}.Release|Any CPU.ActiveCfg = Release|Any CPU
		{2986579C-3C54-46CA-ABED-94535755A2B3}.Release|Any CPU.Build.0 = Release|Any CPU
		{00551246-7998-4DF7-B7D8-1FFB4C397995}.Debug|Any CPU.ActiveCfg = Debug|Any CPU
		{00551246-7998-4DF7-B7D8-1FFB4C397995}.Debug|Any CPU.Build.0 = Debug|Any CPU
		{00551246-7998-4DF7-B7D8-1FFB4C397995}.Release|Any CPU.ActiveCfg = Release|Any CPU
		{00551246-7998-4DF7-B7D8-1FFB4C397995}.Release|Any CPU.Build.0 = Release|Any CPU
	EndGlobalSection
	GlobalSection(SolutionProperties) = preSolution
		HideSolutionNode = FALSE
	EndGlobalSection
EndGlobal
